
Microsoft Visual Studio Solution File, Format Version 12.00
# Visual Studio Version 17
VisualStudioVersion = 17.0.31903.59
MinimumVisualStudioVersion = 10.0.40219.1
Project("{2150E333-8FDC-42A3-9474-1A3956D46DE8}") = "src", "src", "{0ED896FB-1A34-44D1-A0B7-2DEDD51F8909}"
EndProject
Project("{FAE04EC0-301F-11D3-BF4B-00C04F79EFBC}") = "PocketInk.Core", "src\PocketInk.Core\PocketInk.Core.csproj", "{211961D7-F91B-4A8D-984E-E68676E15B05}"
EndProject
Project("{FAE04EC0-301F-11D3-BF4B-00C04F79EFBC}") = "PocketInk.Host", "src\PocketInk.Host\PocketInk.Host.csproj", "{E90515A6-4D9E-41CA-9B69-BF5D32D7B44A}"
EndProject
Project("{2150E333-8FDC-42A3-9474-1A3956D46DE8}") = "tests", "tests", "{4A81103F-A0E0-4840-8B47-8163E4C91253}"
EndProject
Project("{FAE04EC0-301F-11D3-BF4B-00C04F79EFBC}") = "PocketInk.Tests", "tests\PocketInk.Tests\PocketInk.Tests.csproj", "{4609F0E0-E15C-4245-901E-C8BB3925D857}"
EndProject
Global
	GlobalSection(SolutionConfigurationPlatforms) = preSolution
		Debug|Any CPU = Debug|Any CPU
		Release|Any CPU = Release|Any CPU
	EndGlobalSection
	GlobalSection(SolutionProperties) = preSolution
		HideSolutionNode = FALSE
	EndGlobalSection
	GlobalSection(ProjectConfigurationPlatforms) = postSolution
		{211961D7-F91B-4A8D-984E-E68676E15B05}.Debug|Any CPU.ActiveCfg = Debug|Any CPU
		{211961D7-F91B-4A8D-984E-E68676E15B05}.Debug|Any CPU.Build.0 = Debug|Any CPU
		{211961D7-F91B-4A8D-984E-E68676E15B05}.Release|Any CPU.ActiveCfg = Release|Any CPU
		{211961D7-F91B-4A8D-984E-E68676E15B05}.Release|Any CPU.Build.0 = Release|Any CPU
		{E90515A6-4D9E-41CA-9B69-BF5D32D7B44A}.Debug|Any CPU.ActiveCfg = Debug|Any CPU
		{E90515A6-4D9E-41CA-9B69-BF5D32D7B44A}.Debug|Any CPU.Build.0 = Debug|Any CPU
		{E90515A6-4D9E-41CA-9B69-BF5D32D7B44A}.Release|Any CPU.ActiveCfg = Release|Any CPU
		{E90515A6-4D9E-41CA-9B69-BF5D32D7B44A}.Release|Any CPU.Build.0 = Release|Any CPU
		{4609F0E0-E15C-4245-901E-C8BB3925D857}.Debug|Any CPU.ActiveCfg = Debug|Any CPU
		{4609F0E0-E15C-4245-901E-C8BB3925D857}.Debug|Any CPU.Build.0 = Debug|Any CPU
		{4609F0E0-E15C-4245-901E-C8BB3925D857}.Release|Any CPU.ActiveCfg = Release|Any CPU
		{4609F0E0-E15C-4245-901E-C8BB3925D857}.Release|Any CPU.Build.0 = Release|Any CPU
	EndGlobalSection
	GlobalSection(NestedProjects) = preSolution
		{211961D7-F91B-4A8D-984E-E68676E15B05} = {0ED896FB-1A34-44D1-A0B7-2DEDD51F8909}
		{E90515A6-4D9E-41CA-9B69-BF5D32D7B44A} = {0ED896FB-1A34-44D1-A0B7-2DEDD51F8909}
		{4609F0E0-E15C-4245-901E-C8BB3925D857} = {4A81103F-A0E0-4840-8B47-8163E4C91253}
	EndGlobalSection
EndGlobal
